
Microsoft Visual Studio Solution File, Format Version 12.00
# Visual Studio Version 17
VisualStudioVersion = 17.2.32519.379
MinimumVisualStudioVersion = 10.0.40219.1
Project("{FAE04EC0-301F-11D3-BF4B-00C04F79EFBC}") = "TaskFromByndyusoft", "TaskFromByndyusoft\TaskFromByndyusoft.csproj", "{602D1E18-95DD-4BC6-B5A1-2A3D550FE47B}"
EndProject
Project("{FAE04EC0-301F-11D3-BF4B-00C04F79EFBC}") = "TestTaskFromByndysoft", "TestTaskFromByndysoft\TestTaskFromByndysoft.csproj", "{D04C614A-6480-400A-B87D-9800DACD0C68}"
EndProject
Global
	GlobalSection(SolutionConfigurationPlatforms) = preSolution
		Debug|Any CPU = Debug|Any CPU
		Release|Any CPU = Release|Any CPU
	EndGlobalSection
	GlobalSection(ProjectConfigurationPlatforms) = postSolution
		{602D1E18-95DD-4BC6-B5A1-2A3D550FE47B}.Debug|Any CPU.ActiveCfg = Debug|Any CPU
		{602D1E18-95DD-4BC6-B5A1-2A3D550FE47B}.Debug|Any CPU.Build.0 = Debug|Any CPU
		{602D1E18-95DD-4BC6-B5A1-2A3D550FE47B}.Release|Any CPU.ActiveCfg = Release|Any CPU
		{602D1E18-95DD-4BC6-B5A1-2A3D550FE47B}.Release|Any CPU.Build.0 = Release|Any CPU
		{D04C614A-6480-400A-B87D-9800DACD0C68}.Debug|Any CPU.ActiveCfg = Debug|Any CPU
		{D04C614A-6480-400A-B87D-9800DACD0C68}.Debug|Any CPU.Build.0 = Debug|Any CPU
		{D04C614A-6480-400A-B87D-9800DACD0C68}.Release|Any CPU.ActiveCfg = Release|Any CPU
		{D04C614A-6480-400A-B87D-9800DACD0C68}.Release|Any CPU.Build.0 = Release|Any CPU
	EndGlobalSection
	GlobalSection(SolutionProperties) = preSolution
		HideSolutionNode = FALSE
	EndGlobalSection
	GlobalSection(ExtensibilityGlobals) = postSolution
		SolutionGuid = {F016E06F-7859-4642-925E-B85B01D2070B}
	EndGlobalSection
EndGlobal
